
Microsoft Visual Studio Solution File, Format Version 12.00
# Visual Studio Version 16
VisualStudioVersion = 16.0.30717.126
MinimumVisualStudioVersion = 10.0.40219.1
Project("{FAE04EC0-301F-11D3-BF4B-00C04F79EFBC}") = "CursoMVC", "CursoMVC\CursoMVC.csproj", "{B39325A9-9B77-433C-B206-E388F079545F}"
EndProject
Global
	GlobalSection(SolutionConfigurationPlatforms) = preSolution
		Debug|Any CPU = Debug|Any CPU
		Release|Any CPU = Release|Any CPU
	EndGlobalSection
	GlobalSection(ProjectConfigurationPlatforms) = postSolution
		{B39325A9-9B77-433C-B206-E388F079545F}.Debug|Any CPU.ActiveCfg = Debug|Any CPU
		{B39325A9-9B77-433C-B206-E388F079545F}.Debug|Any CPU.Build.0 = Debug|Any CPU
		{B39325A9-9B77-433C-B206-E388F079545F}.Release|Any CPU.ActiveCfg = Release|Any CPU
		{B39325A9-9B77-433C-B206-E388F079545F}.Release|Any CPU.Build.0 = Release|Any CPU
	EndGlobalSection
	GlobalSection(SolutionProperties) = preSolution
		HideSolutionNode = FALSE
	EndGlobalSection
	GlobalSection(ExtensibilityGlobals) = postSolution
		SolutionGuid = {13AE5ABA-094A-4C7C-95ED-824AAB33E000}
	EndGlobalSection
EndGlobal
